
Microsoft Visual Studio Solution File, Format Version 12.00
# Visual Studio Version 17
VisualStudioVersion = 17.13.35919.96
MinimumVisualStudioVersion = 10.0.40219.1
Project("{2150E333-8FDC-42A3-9474-1A3956D46DE8}") = "SOLID", "SOLID", "{02EA681E-C7D8-13C7-8484-4AC65E1B71E8}"
EndProject
Project("{FAE04EC0-301F-11D3-BF4B-00C04F79EFBC}") = "SRP", "SOLID\SRP\SRP.csproj", "{8C64C6E5-7575-4E63-B878-BD54E4E9477E}"
EndProject
Project("{FAE04EC0-301F-11D3-BF4B-00C04F79EFBC}") = "OCP", "SOLID\OCP\OCP.csproj", "{1F43CCDC-9029-4C98-B925-22FE929F297C}"
EndProject
Project("{FAE04EC0-301F-11D3-BF4B-00C04F79EFBC}") = "LSP", "SOLID\LSP\LSP.csproj", "{E32B687B-8ED3-43FB-95A3-55316CF4CFD9}"
EndProject
Project("{FAE04EC0-301F-11D3-BF4B-00C04F79EFBC}") = "ISP", "SOLID\ISP\ISP.csproj", "{86031F58-928F-4C9F-9EEA-4847BD58463B}"
EndProject
Project("{FAE04EC0-301F-11D3-BF4B-00C04F79EFBC}") = "DIP", "SOLID\DIP\DIP.csproj", "{5931C83B-D767-47F1-8096-FD9F3F0FC7EC}"
EndProject
Project("{2150E333-8FDC-42A3-9474-1A3956D46DE8}") = "Commons", "Commons", "{E9400D92-9951-4267-BA8F-E31833FCF48F}"
EndProject
Project("{FAE04EC0-301F-11D3-BF4B-00C04F79EFBC}") = "Common", "Commons\Common\Common.csproj", "{0EA16E37-6462-4CD4-8624-5DB72CCF6512}"
EndProject
Project("{2150E333-8FDC-42A3-9474-1A3956D46DE8}") = "Design_Patterns", "Design_Patterns", "{0E14DDF0-3110-45C5-859E-43AD2A3E4F6C}"
EndProject
Project("{2150E333-8FDC-42A3-9474-1A3956D46DE8}") = "Creational_Patterns", "Creational_Patterns", "{A3AA4DFB-2B1D-4849-AD90-C263BFAD3238}"
EndProject
Project("{FAE04EC0-301F-11D3-BF4B-00C04F79EFBC}") = "Factory_Method", "Design_Patterns\Creational Patterns\Factory_Method\Factory_Method.csproj", "{FA4D217D-E374-4A2B-A834-03816DC992CB}"
EndProject
Project("{FAE04EC0-301F-11D3-BF4B-00C04F79EFBC}") = "Abstract_Factory", "Design_Patterns\Creational Patterns\Abstract_Factory\Abstract_Factory.csproj", "{07FEBE70-0C33-44A5-9360-FFCE708E58DA}"
EndProject
Project("{FAE04EC0-301F-11D3-BF4B-00C04F79EFBC}") = "Builder", "Design_Patterns\Creational Patterns\Builder\Builder.csproj", "{0D0986D8-9A52-4496-B030-057A6A01F39A}"
EndProject
Project("{FAE04EC0-301F-11D3-BF4B-00C04F79EFBC}") = "Prototype", "Design_Patterns\Creational Patterns\Prototype\Prototype.csproj", "{1943772B-79C3-4A9B-8EB4-B06304D0FEE1}"
EndProject
Project("{FAE04EC0-301F-11D3-BF4B-00C04F79EFBC}") = "Singleton", "Design_Patterns\Creational Patterns\Singleton\Singleton.csproj", "{FD429D31-E962-43B5-825B-A64A048F0C2E}"
EndProject
Project("{2150E333-8FDC-42A3-9474-1A3956D46DE8}") = "Structural_Patterns", "Structural_Patterns", "{2AEDB6F7-A7CE-453F-9AF5-B80AAEF441F1}"
EndProject
Project("{FAE04EC0-301F-11D3-BF4B-00C04F79EFBC}") = "Adapter", "Design_Patterns\Structural_Patterns\Adapter\Adapter.csproj", "{F4136217-704B-466C-83C4-8E8EB73D3AEF}"
EndProject
Project("{FAE04EC0-301F-11D3-BF4B-00C04F79EFBC}") = "Bridge", "Design_Patterns\Structural_Patterns\Bridge\Bridge.csproj", "{2AE351D2-0DF1-4934-8214-06914C8B27DA}"
EndProject
Project("{FAE04EC0-301F-11D3-BF4B-00C04F79EFBC}") = "Composite", "Design_Patterns\Structural_Patterns\Composite\Composite.csproj", "{80C1E147-C037-4295-A9EA-1C2485E1D3E3}"
EndProject
Project("{FAE04EC0-301F-11D3-BF4B-00C04F79EFBC}") = "Decorator", "Design_Patterns\Structural_Patterns\Decorator\Decorator.csproj", "{159CCE65-4CC1-4431-9058-D9F3B0A42995}"
EndProject
Project("{FAE04EC0-301F-11D3-BF4B-00C04F79EFBC}") = "Facade", "Design_Patterns\Structural_Patterns\Facade\Facade.csproj", "{62ABF765-E89E-486E-8A9F-BDC04E9E37B3}"
EndProject
Project("{FAE04EC0-301F-11D3-BF4B-00C04F79EFBC}") = "Flyweight", "Design_Patterns\Structural_Patterns\Flyweight\Flyweight.csproj", "{92098C76-7E87-4A77-A4F0-772EF6798A38}"
EndProject
Project("{FAE04EC0-301F-11D3-BF4B-00C04F79EFBC}") = "Proxy", "Design_Patterns\Structural_Patterns\Proxy\Proxy.csproj", "{2D815DDF-9836-4800-8666-78CF7CCF0EB6}"
EndProject
Project("{2150E333-8FDC-42A3-9474-1A3956D46DE8}") = "Behavioral_Patterns", "Behavioral_Patterns", "{3B2DEC49-5252-4CB6-962E-4FD150EE8342}"
EndProject
Project("{FAE04EC0-301F-11D3-BF4B-00C04F79EFBC}") = "Command", "Design_Patterns\Behavioral_Patterns\Command\Command.csproj", "{475EC29C-5885-491B-B172-4AF7F3C64535}"
EndProject
Project("{FAE04EC0-301F-11D3-BF4B-00C04F79EFBC}") = "Interpreter", "Design_Patterns\Behavioral_Patterns\Interpreter\Interpreter.csproj", "{CE28E253-7766-45FB-8817-B8F761B60DE9}"
EndProject
Project("{FAE04EC0-301F-11D3-BF4B-00C04F79EFBC}") = "Chain_of_Responsibility", "Design_Patterns\Behavioral_Patterns\Chain_of_Responsibility\Chain_of_Responsibility.csproj", "{2D79F907-C6C2-4A89-B61A-26530ECC3A82}"
EndProject
Project("{FAE04EC0-301F-11D3-BF4B-00C04F79EFBC}") = "Iterator", "Design_Patterns\Behavioral_Patterns\Iterator\Iterator.csproj", "{3FD5AF86-937D-413C-BC2B-B0270C1789C8}"
EndProject
Project("{FAE04EC0-301F-11D3-BF4B-00C04F79EFBC}") = "Mediator", "Design_Patterns\Behavioral_Patterns\Mediator\Mediator.csproj", "{E404B33E-B954-421D-A685-6B948F8DEBC5}"
EndProject
Project("{FAE04EC0-301F-11D3-BF4B-00C04F79EFBC}") = "Memento", "Design_Patterns\Behavioral_Patterns\Memento\Memento.csproj", "{B054573B-3E53-4599-9648-2DA6774A6E1B}"
EndProject
Project("{FAE04EC0-301F-11D3-BF4B-00C04F79EFBC}") = "Observer", "Design_Patterns\Behavioral_Patterns\Observer\Observer.csproj", "{D74271E5-9984-4720-8B20-ADEAB3450F30}"
EndProject
Project("{FAE04EC0-301F-11D3-BF4B-00C04F79EFBC}") = "State", "Design_Patterns\Behavioral_Patterns\State\State.csproj", "{211CD097-F7DF-4E1F-AA25-760B5BFC1D46}"
EndProject
Project("{FAE04EC0-301F-11D3-BF4B-00C04F79EFBC}") = "Strategy", "Design_Patterns\Behavioral_Patterns\Strategy\Strategy.csproj", "{6F5746BC-D549-441A-94D4-519B871CCE45}"
EndProject
Project("{FAE04EC0-301F-11D3-BF4B-00C04F79EFBC}") = "Visitor", "Design_Patterns\Behavioral_Patterns\Visitor\Visitor.csproj", "{673CA5FF-2778-4363-93FB-D6484C22F702}"
EndProject
Project("{FAE04EC0-301F-11D3-BF4B-00C04F79EFBC}") = "Template_Method", "Design_Patterns\Behavioral_Patterns\Template_Method\Template_Method.csproj", "{47F38B71-269F-44D8-93D5-9EB412AF3250}"
EndProject
Project("{2150E333-8FDC-42A3-9474-1A3956D46DE8}") = "Architectures", "Architectures", "{A928BEA8-F520-49ED-9C2B-E780D6EB9D89}"
EndProject
Project("{2150E333-8FDC-42A3-9474-1A3956D46DE8}") = "Layered_Architecture", "Layered_Architecture", "{8DA0F7E0-3FEE-4357-8363-8D04F8C1B631}"
EndProject
Project("{2150E333-8FDC-42A3-9474-1A3956D46DE8}") = "Monolithic", "Monolithic", "{2382E6C4-0DFD-4A21-BF24-AED253C328EC}"
EndProject
Project("{2150E333-8FDC-42A3-9474-1A3956D46DE8}") = "Clean_Architecture", "Clean_Architecture", "{64F72D97-EC08-44FA-A845-98467CE1A2C2}"
EndProject
Project("{2150E333-8FDC-42A3-9474-1A3956D46DE8}") = "Microservices", "Microservices", "{0F6FB80C-46B9-4090-A293-8FAD975BF3A9}"
EndProject
Project("{2150E333-8FDC-42A3-9474-1A3956D46DE8}") = "Event_Driven", "Event_Driven", "{81E6D0FF-8D7C-4149-9A46-8A232CE1F5ED}"
EndProject
Project("{FAE04EC0-301F-11D3-BF4B-00C04F79EFBC}") = "ExampleApp", "Architectures\Layered_Architecture\ExampleApp\ExampleApp.csproj", "{5F19A09C-DAF1-42CB-98A4-C0CBAE6B32C1}"
EndProject
Global
	GlobalSection(SolutionConfigurationPlatforms) = preSolution
		Debug|Any CPU = Debug|Any CPU
		Release|Any CPU = Release|Any CPU
	EndGlobalSection
	GlobalSection(ProjectConfigurationPlatforms) = postSolution
		{8C64C6E5-7575-4E63-B878-BD54E4E9477E}.Debug|Any CPU.ActiveCfg = Debug|Any CPU
		{8C64C6E5-7575-4E63-B878-BD54E4E9477E}.Debug|Any CPU.Build.0 = Debug|Any CPU
		{8C64C6E5-7575-4E63-B878-BD54E4E9477E}.Release|Any CPU.ActiveCfg = Release|Any CPU
		{8C64C6E5-7575-4E63-B878-BD54E4E9477E}.Release|Any CPU.Build.0 = Release|Any CPU
		{1F43CCDC-9029-4C98-B925-22FE929F297C}.Debug|Any CPU.ActiveCfg = Debug|Any CPU
		{1F43CCDC-9029-4C98-B925-22FE929F297C}.Debug|Any CPU.Build.0 = Debug|Any CPU
		{1F43CCDC-9029-4C98-B925-22FE929F297C}.Release|Any CPU.ActiveCfg = Release|Any CPU
		{1F43CCDC-9029-4C98-B925-22FE929F297C}.Release|Any CPU.Build.0 = Release|Any CPU
		{E32B687B-8ED3-43FB-95A3-55316CF4CFD9}.Debug|Any CPU.ActiveCfg = Debug|Any CPU
		{E32B687B-8ED3-43FB-95A3-55316CF4CFD9}.Debug|Any CPU.Build.0 = Debug|Any CPU
		{E32B687B-8ED3-43FB-95A3-55316CF4CFD9}.Release|Any CPU.ActiveCfg = Release|Any CPU
		{E32B687B-8ED3-43FB-95A3-55316CF4CFD9}.Release|Any CPU.Build.0 = Release|Any CPU
		{86031F58-928F-4C9F-9EEA-4847BD58463B}.Debug|Any CPU.ActiveCfg = Debug|Any CPU
		{86031F58-928F-4C9F-9EEA-4847BD58463B}.Debug|Any CPU.Build.0 = Debug|Any CPU
		{86031F58-928F-4C9F-9EEA-4847BD58463B}.Release|Any CPU.ActiveCfg = Release|Any CPU
		{86031F58-928F-4C9F-9EEA-4847BD58463B}.Release|Any CPU.Build.0 = Release|Any CPU
		{5931C83B-D767-47F1-8096-FD9F3F0FC7EC}.Debug|Any CPU.ActiveCfg = Debug|Any CPU
		{5931C83B-D767-47F1-8096-FD9F3F0FC7EC}.Debug|Any CPU.Build.0 = Debug|Any CPU
		{5931C83B-D767-47F1-8096-FD9F3F0FC7EC}.Release|Any CPU.ActiveCfg = Release|Any CPU
		{5931C83B-D767-47F1-8096-FD9F3F0FC7EC}.Release|Any CPU.Build.0 = Release|Any CPU
		{0EA16E37-6462-4CD4-8624-5DB72CCF6512}.Debug|Any CPU.ActiveCfg = Debug|Any CPU
		{0EA16E37-6462-4CD4-8624-5DB72CCF6512}.Debug|Any CPU.Build.0 = Debug|Any CPU
		{0EA16E37-6462-4CD4-8624-5DB72CCF6512}.Release|Any CPU.ActiveCfg = Release|Any CPU
		{0EA16E37-6462-4CD4-8624-5DB72CCF6512}.Release|Any CPU.Build.0 = Release|Any CPU
		{FA4D217D-E374-4A2B-A834-03816DC992CB}.Debug|Any CPU.ActiveCfg = Debug|Any CPU
		{FA4D217D-E374-4A2B-A834-03816DC992CB}.Debug|Any CPU.Build.0 = Debug|Any CPU
		{FA4D217D-E374-4A2B-A834-03816DC992CB}.Release|Any CPU.ActiveCfg = Release|Any CPU
		{FA4D217D-E374-4A2B-A834-03816DC992CB}.Release|Any CPU.Build.0 = Release|Any CPU
		{07FEBE70-0C33-44A5-9360-FFCE708E58DA}.Debug|Any CPU.ActiveCfg = Debug|Any CPU
		{07FEBE70-0C33-44A5-9360-FFCE708E58DA}.Debug|Any CPU.Build.0 = Debug|Any CPU
		{07FEBE70-0C33-44A5-9360-FFCE708E58DA}.Release|Any CPU.ActiveCfg = Release|Any CPU
		{07FEBE70-0C33-44A5-9360-FFCE708E58DA}.Release|Any CPU.Build.0 = Release|Any CPU
		{0D0986D8-9A52-4496-B030-057A6A01F39A}.Debug|Any CPU.ActiveCfg = Debug|Any CPU
		{0D0986D8-9A52-4496-B030-057A6A01F39A}.Debug|Any CPU.Build.0 = Debug|Any CPU
		{0D0986D8-9A52-4496-B030-057A6A01F39A}.Release|Any CPU.ActiveCfg = Release|Any CPU
		{0D0986D8-9A52-4496-B030-057A6A01F39A}.Release|Any CPU.Build.0 = Release|Any CPU
		{1943772B-79C3-4A9B-8EB4-B06304D0FEE1}.Debug|Any CPU.ActiveCfg = Debug|Any CPU
		{1943772B-79C3-4A9B-8EB4-B06304D0FEE1}.Debug|Any CPU.Build.0 = Debug|Any CPU
		{1943772B-79C3-4A9B-8EB4-B06304D0FEE1}.Release|Any CPU.ActiveCfg = Release|Any CPU
		{1943772B-79C3-4A9B-8EB4-B06304D0FEE1}.Release|Any CPU.Build.0 = Release|Any CPU
		{FD429D31-E962-43B5-825B-A64A048F0C2E}.Debug|Any CPU.ActiveCfg = Debug|Any CPU
		{FD429D31-E962-43B5-825B-A64A048F0C2E}.Debug|Any CPU.Build.0 = Debug|Any CPU
		{FD429D31-E962-43B5-825B-A64A048F0C2E}.Release|Any CPU.ActiveCfg = Release|Any CPU
		{FD429D31-E962-43B5-825B-A64A048F0C2E}.Release|Any CPU.Build.0 = Release|Any CPU
		{F4136217-704B-466C-83C4-8E8EB73D3AEF}.Debug|Any CPU.ActiveCfg = Debug|Any CPU
		{F4136217-704B-466C-83C4-8E8EB73D3AEF}.Debug|Any CPU.Build.0 = Debug|Any CPU
		{F4136217-704B-466C-83C4-8E8EB73D3AEF}.Release|Any CPU.ActiveCfg = Release|Any CPU
		{F4136217-704B-466C-83C4-8E8EB73D3AEF}.Release|Any CPU.Build.0 = Release|Any CPU
		{2AE351D2-0DF1-4934-8214-06914C8B27DA}.Debug|Any CPU.ActiveCfg = Debug|Any CPU
		{2AE351D2-0DF1-4934-8214-06914C8B27DA}.Debug|Any CPU.Build.0 = Debug|Any CPU
		{2AE351D2-0DF1-4934-8214-06914C8B27DA}.Release|Any CPU.ActiveCfg = Release|Any CPU
		{2AE351D2-0DF1-4934-8214-06914C8B27DA}.Release|Any CPU.Build.0 = Release|Any CPU
		{80C1E147-C037-4295-A9EA-1C2485E1D3E3}.Debug|Any CPU.ActiveCfg = Debug|Any CPU
		{80C1E147-C037-4295-A9EA-1C2485E1D3E3}.Debug|Any CPU.Build.0 = Debug|Any CPU
		{80C1E147-C037-4295-A9EA-1C2485E1D3E3}.Release|Any CPU.ActiveCfg = Release|Any CPU
		{80C1E147-C037-4295-A9EA-1C2485E1D3E3}.Release|Any CPU.Build.0 = Release|Any CPU
		{159CCE65-4CC1-4431-9058-D9F3B0A42995}.Debug|Any CPU.ActiveCfg = Debug|Any CPU
		{159CCE65-4CC1-4431-9058-D9F3B0A42995}.Debug|Any CPU.Build.0 = Debug|Any CPU
		{159CCE65-4CC1-4431-9058-D9F3B0A42995}.Release|Any CPU.ActiveCfg = Release|Any CPU
		{159CCE65-4CC1-4431-9058-D9F3B0A42995}.Release|Any CPU.Build.0 = Release|Any CPU
		{62ABF765-E89E-486E-8A9F-BDC04E9E37B3}.Debug|Any CPU.ActiveCfg = Debug|Any CPU
		{62ABF765-E89E-486E-8A9F-BDC04E9E37B3}.Debug|Any CPU.Build.0 = Debug|Any CPU
		{62ABF765-E89E-486E-8A9F-BDC04E9E37B3}.Release|Any CPU.ActiveCfg = Release|Any CPU
		{62ABF765-E89E-486E-8A9F-BDC04E9E37B3}.Release|Any CPU.Build.0 = Release|Any CPU
		{92098C76-7E87-4A77-A4F0-772EF6798A38}.Debug|Any CPU.ActiveCfg = Debug|Any CPU
		{92098C76-7E87-4A77-A4F0-772EF6798A38}.Debug|Any CPU.Build.0 = Debug|Any CPU
		{92098C76-7E87-4A77-A4F0-772EF6798A38}.Release|Any CPU.ActiveCfg = Release|Any CPU
		{92098C76-7E87-4A77-A4F0-772EF6798A38}.Release|Any CPU.Build.0 = Release|Any CPU
		{2D815DDF-9836-4800-8666-78CF7CCF0EB6}.Debug|Any CPU.ActiveCfg = Debug|Any CPU
		{2D815DDF-9836-4800-8666-78CF7CCF0EB6}.Debug|Any CPU.Build.0 = Debug|Any CPU
		{2D815DDF-9836-4800-8666-78CF7CCF0EB6}.Release|Any CPU.ActiveCfg = Release|Any CPU
		{2D815DDF-9836-4800-8666-78CF7CCF0EB6}.Release|Any CPU.Build.0 = Release|Any CPU
		{475EC29C-5885-491B-B172-4AF7F3C64535}.Debug|Any CPU.ActiveCfg = Debug|Any CPU
		{475EC29C-5885-491B-B172-4AF7F3C64535}.Debug|Any CPU.Build.0 = Debug|Any CPU
		{475EC29C-5885-491B-B172-4AF7F3C64535}.Release|Any CPU.ActiveCfg = Release|Any CPU
		{475EC29C-5885-491B-B172-4AF7F3C64535}.Release|Any CPU.Build.0 = Release|Any CPU
		{CE28E253-7766-45FB-8817-B8F761B60DE9}.Debug|Any CPU.ActiveCfg = Debug|Any CPU
		{CE28E253-7766-45FB-8817-B8F761B60DE9}.Debug|Any CPU.Build.0 = Debug|Any CPU
		{CE28E253-7766-45FB-8817-B8F761B60DE9}.Release|Any CPU.ActiveCfg = Release|Any CPU
		{CE28E253-7766-45FB-8817-B8F761B60DE9}.Release|Any CPU.Build.0 = Release|Any CPU
		{2D79F907-C6C2-4A89-B61A-26530ECC3A82}.Debug|Any CPU.ActiveCfg = Debug|Any CPU
		{2D79F907-C6C2-4A89-B61A-26530ECC3A82}.Debug|Any CPU.Build.0 = Debug|Any CPU
		{2D79F907-C6C2-4A89-B61A-26530ECC3A82}.Release|Any CPU.ActiveCfg = Release|Any CPU
		{2D79F907-C6C2-4A89-B61A-26530ECC3A82}.Release|Any CPU.Build.0 = Release|Any CPU
		{3FD5AF86-937D-413C-BC2B-B0270C1789C8}.Debug|Any CPU.ActiveCfg = Debug|Any CPU
		{3FD5AF86-937D-413C-BC2B-B0270C1789C8}.Debug|Any CPU.Build.0 = Debug|Any CPU
		{3FD5AF86-937D-413C-BC2B-B0270C1789C8}.Release|Any CPU.ActiveCfg = Release|Any CPU
		{3FD5AF86-937D-413C-BC2B-B0270C1789C8}.Release|Any CPU.Build.0 = Release|Any CPU
		{E404B33E-B954-421D-A685-6B948F8DEBC5}.Debug|Any CPU.ActiveCfg = Debug|Any CPU
		{E404B33E-B954-421D-A685-6B948F8DEBC5}.Debug|Any CPU.Build.0 = Debug|Any CPU
		{E404B33E-B954-421D-A685-6B948F8DEBC5}.Release|Any CPU.ActiveCfg = Release|Any CPU
		{E404B33E-B954-421D-A685-6B948F8DEBC5}.Release|Any CPU.Build.0 = Release|Any CPU
		{B054573B-3E53-4599-9648-2DA6774A6E1B}.Debug|Any CPU.ActiveCfg = Debug|Any CPU
		{B054573B-3E53-4599-9648-2DA6774A6E1B}.Debug|Any CPU.Build.0 = Debug|Any CPU
		{B054573B-3E53-4599-9648-2DA6774A6E1B}.Release|Any CPU.ActiveCfg = Release|Any CPU
		{B054573B-3E53-4599-9648-2DA6774A6E1B}.Release|Any CPU.Build.0 = Release|Any CPU
		{D74271E5-9984-4720-8B20-ADEAB3450F30}.Debug|Any CPU.ActiveCfg = Debug|Any CPU
		{D74271E5-9984-4720-8B20-ADEAB3450F30}.Debug|Any CPU.Build.0 = Debug|Any CPU
		{D74271E5-9984-4720-8B20-ADEAB3450F30}.Release|Any CPU.ActiveCfg = Release|Any CPU
		{D74271E5-9984-4720-8B20-ADEAB3450F30}.Release|Any CPU.Build.0 = Release|Any CPU
		{211CD097-F7DF-4E1F-AA25-760B5BFC1D46}.Debug|Any CPU.ActiveCfg = Debug|Any CPU
		{211CD097-F7DF-4E1F-AA25-760B5BFC1D46}.Debug|Any CPU.Build.0 = Debug|Any CPU
		{211CD097-F7DF-4E1F-AA25-760B5BFC1D46}.Release|Any CPU.ActiveCfg = Release|Any CPU
		{211CD097-F7DF-4E1F-AA25-760B5BFC1D46}.Release|Any CPU.Build.0 = Release|Any CPU
		{6F5746BC-D549-441A-94D4-519B871CCE45}.Debug|Any CPU.ActiveCfg = Debug|Any CPU
		{6F5746BC-D549-441A-94D4-519B871CCE45}.Debug|Any CPU.Build.0 = Debug|Any CPU
		{6F5746BC-D549-441A-94D4-519B871CCE45}.Release|Any CPU.ActiveCfg = Release|Any CPU
		{6F5746BC-D549-441A-94D4-519B871CCE45}.Release|Any CPU.Build.0 = Release|Any CPU
		{673CA5FF-2778-4363-93FB-D6484C22F702}.Debug|Any CPU.ActiveCfg = Debug|Any CPU
		{673CA5FF-2778-4363-93FB-D6484C22F702}.Debug|Any CPU.Build.0 = Debug|Any CPU
		{673CA5FF-2778-4363-93FB-D6484C22F702}.Release|Any CPU.ActiveCfg = Release|Any CPU
		{673CA5FF-2778-4363-93FB-D6484C22F702}.Release|Any CPU.Build.0 = Release|Any CPU
		{47F38B71-269F-44D8-93D5-9EB412AF3250}.Debug|Any CPU.ActiveCfg = Debug|Any CPU
		{47F38B71-269F-44D8-93D5-9EB412AF3250}.Debug|Any CPU.Build.0 = Debug|Any CPU
		{47F38B71-269F-44D8-93D5-9EB412AF3250}.Release|Any CPU.ActiveCfg = Release|Any CPU
		{47F38B71-269F-44D8-93D5-9EB412AF3250}.Release|Any CPU.Build.0 = Release|Any CPU
		{5F19A09C-DAF1-42CB-98A4-C0CBAE6B32C1}.Debug|Any CPU.ActiveCfg = Debug|Any CPU
		{5F19A09C-DAF1-42CB-98A4-C0CBAE6B32C1}.Debug|Any CPU.Build.0 = Debug|Any CPU
		{5F19A09C-DAF1-42CB-98A4-C0CBAE6B32C1}.Release|Any CPU.ActiveCfg = Release|Any CPU
		{5F19A09C-DAF1-42CB-98A4-C0CBAE6B32C1}.Release|Any CPU.Build.0 = Release|Any CPU
	EndGlobalSection
	GlobalSection(SolutionProperties) = preSolution
		HideSolutionNode = FALSE
	EndGlobalSection
	GlobalSection(NestedProjects) = preSolution
		{8C64C6E5-7575-4E63-B878-BD54E4E9477E} = {02EA681E-C7D8-13C7-8484-4AC65E1B71E8}
		{1F43CCDC-9029-4C98-B925-22FE929F297C} = {02EA681E-C7D8-13C7-8484-4AC65E1B71E8}
		{E32B687B-8ED3-43FB-95A3-55316CF4CFD9} = {02EA681E-C7D8-13C7-8484-4AC65E1B71E8}
		{86031F58-928F-4C9F-9EEA-4847BD58463B} = {02EA681E-C7D8-13C7-8484-4AC65E1B71E8}
		{5931C83B-D767-47F1-8096-FD9F3F0FC7EC} = {02EA681E-C7D8-13C7-8484-4AC65E1B71E8}
		{0EA16E37-6462-4CD4-8624-5DB72CCF6512} = {E9400D92-9951-4267-BA8F-E31833FCF48F}
		{A3AA4DFB-2B1D-4849-AD90-C263BFAD3238} = {0E14DDF0-3110-45C5-859E-43AD2A3E4F6C}
		{FA4D217D-E374-4A2B-A834-03816DC992CB} = {A3AA4DFB-2B1D-4849-AD90-C263BFAD3238}
		{07FEBE70-0C33-44A5-9360-FFCE708E58DA} = {A3AA4DFB-2B1D-4849-AD90-C263BFAD3238}
		{0D0986D8-9A52-4496-B030-057A6A01F39A} = {A3AA4DFB-2B1D-4849-AD90-C263BFAD3238}
		{1943772B-79C3-4A9B-8EB4-B06304D0FEE1} = {A3AA4DFB-2B1D-4849-AD90-C263BFAD3238}
		{FD429D31-E962-43B5-825B-A64A048F0C2E} = {A3AA4DFB-2B1D-4849-AD90-C263BFAD3238}
		{2AEDB6F7-A7CE-453F-9AF5-B80AAEF441F1} = {0E14DDF0-3110-45C5-859E-43AD2A3E4F6C}
		{F4136217-704B-466C-83C4-8E8EB73D3AEF} = {2AEDB6F7-A7CE-453F-9AF5-B80AAEF441F1}
		{2AE351D2-0DF1-4934-8214-06914C8B27DA} = {2AEDB6F7-A7CE-453F-9AF5-B80AAEF441F1}
		{80C1E147-C037-4295-A9EA-1C2485E1D3E3} = {2AEDB6F7-A7CE-453F-9AF5-B80AAEF441F1}
		{159CCE65-4CC1-4431-9058-D9F3B0A42995} = {2AEDB6F7-A7CE-453F-9AF5-B80AAEF441F1}
		{62ABF765-E89E-486E-8A9F-BDC04E9E37B3} = {2AEDB6F7-A7CE-453F-9AF5-B80AAEF441F1}
		{92098C76-7E87-4A77-A4F0-772EF6798A38} = {2AEDB6F7-A7CE-453F-9AF5-B80AAEF441F1}
		{2D815DDF-9836-4800-8666-78CF7CCF0EB6} = {2AEDB6F7-A7CE-453F-9AF5-B80AAEF441F1}
		{3B2DEC49-5252-4CB6-962E-4FD150EE8342} = {0E14DDF0-3110-45C5-859E-43AD2A3E4F6C}
		{475EC29C-5885-491B-B172-4AF7F3C64535} = {3B2DEC49-5252-4CB6-962E-4FD150EE8342}
		{CE28E253-7766-45FB-8817-B8F761B60DE9} = {3B2DEC49-5252-4CB6-962E-4FD150EE8342}
		{2D79F907-C6C2-4A89-B61A-26530ECC3A82} = {3B2DEC49-5252-4CB6-962E-4FD150EE8342}
		{3FD5AF86-937D-413C-BC2B-B0270C1789C8} = {3B2DEC49-5252-4CB6-962E-4FD150EE8342}
		{E404B33E-B954-421D-A685-6B948F8DEBC5} = {3B2DEC49-5252-4CB6-962E-4FD150EE8342}
		{B054573B-3E53-4599-9648-2DA6774A6E1B} = {3B2DEC49-5252-4CB6-962E-4FD150EE8342}
		{D74271E5-9984-4720-8B20-ADEAB3450F30} = {3B2DEC49-5252-4CB6-962E-4FD150EE8342}
		{211CD097-F7DF-4E1F-AA25-760B5BFC1D46} = {3B2DEC49-5252-4CB6-962E-4FD150EE8342}
		{6F5746BC-D549-441A-94D4-519B871CCE45} = {3B2DEC49-5252-4CB6-962E-4FD150EE8342}
		{673CA5FF-2778-4363-93FB-D6484C22F702} = {3B2DEC49-5252-4CB6-962E-4FD150EE8342}
		{47F38B71-269F-44D8-93D5-9EB412AF3250} = {3B2DEC49-5252-4CB6-962E-4FD150EE8342}
		{8DA0F7E0-3FEE-4357-8363-8D04F8C1B631} = {A928BEA8-F520-49ED-9C2B-E780D6EB9D89}
		{2382E6C4-0DFD-4A21-BF24-AED253C328EC} = {A928BEA8-F520-49ED-9C2B-E780D6EB9D89}
		{64F72D97-EC08-44FA-A845-98467CE1A2C2} = {A928BEA8-F520-49ED-9C2B-E780D6EB9D89}
		{0F6FB80C-46B9-4090-A293-8FAD975BF3A9} = {A928BEA8-F520-49ED-9C2B-E780D6EB9D89}
		{81E6D0FF-8D7C-4149-9A46-8A232CE1F5ED} = {A928BEA8-F520-49ED-9C2B-E780D6EB9D89}
		{5F19A09C-DAF1-42CB-98A4-C0CBAE6B32C1} = {8DA0F7E0-3FEE-4357-8363-8D04F8C1B631}
	EndGlobalSection
	GlobalSection(ExtensibilityGlobals) = postSolution
		SolutionGuid = {3603678C-69B7-41D7-B058-7B865DF67378}
	EndGlobalSection
EndGlobal
