
Microsoft Visual Studio Solution File, Format Version 12.00
# Visual Studio Version 17
VisualStudioVersion = 17.11.35327.3
MinimumVisualStudioVersion = 10.0.40219.1
Project("{2150E333-8FDC-42A3-9474-1A3956D46DE8}") = "src", "src", "{D5CA25D2-F69F-4FB1-BF20-13E9C3B1B61F}"
EndProject
Project("{FAE04EC0-301F-11D3-BF4B-00C04F79EFBC}") = "Logging", "src\Logging\Logging.csproj", "{C410867D-864B-4555-A2EA-A6252511422E}"
EndProject
Project("{FAE04EC0-301F-11D3-BF4B-00C04F79EFBC}") = "Microservice1", "src\Microservice1\Microservice1.csproj", "{6C2DBEA9-9209-4B91-9E87-4AF4CCBAF814}"
EndProject
Project("{FAE04EC0-301F-11D3-BF4B-00C04F79EFBC}") = "Microservices2", "src\Microservices2\Microservices2.csproj", "{7ECCCBCB-00FF-46C1-BD0B-3E8B84CCA7DE}"
EndProject
Global
	GlobalSection(SolutionConfigurationPlatforms) = preSolution
		Debug|Any CPU = Debug|Any CPU
		Release|Any CPU = Release|Any CPU
	EndGlobalSection
	GlobalSection(ProjectConfigurationPlatforms) = postSolution
		{C410867D-864B-4555-A2EA-A6252511422E}.Debug|Any CPU.ActiveCfg = Debug|Any CPU
		{C410867D-864B-4555-A2EA-A6252511422E}.Debug|Any CPU.Build.0 = Debug|Any CPU
		{C410867D-864B-4555-A2EA-A6252511422E}.Release|Any CPU.ActiveCfg = Release|Any CPU
		{C410867D-864B-4555-A2EA-A6252511422E}.Release|Any CPU.Build.0 = Release|Any CPU
		{6C2DBEA9-9209-4B91-9E87-4AF4CCBAF814}.Debug|Any CPU.ActiveCfg = Debug|Any CPU
		{6C2DBEA9-9209-4B91-9E87-4AF4CCBAF814}.Debug|Any CPU.Build.0 = Debug|Any CPU
		{6C2DBEA9-9209-4B91-9E87-4AF4CCBAF814}.Release|Any CPU.ActiveCfg = Release|Any CPU
		{6C2DBEA9-9209-4B91-9E87-4AF4CCBAF814}.Release|Any CPU.Build.0 = Release|Any CPU
		{7ECCCBCB-00FF-46C1-BD0B-3E8B84CCA7DE}.Debug|Any CPU.ActiveCfg = Debug|Any CPU
		{7ECCCBCB-00FF-46C1-BD0B-3E8B84CCA7DE}.Debug|Any CPU.Build.0 = Debug|Any CPU
		{7ECCCBCB-00FF-46C1-BD0B-3E8B84CCA7DE}.Release|Any CPU.ActiveCfg = Release|Any CPU
		{7ECCCBCB-00FF-46C1-BD0B-3E8B84CCA7DE}.Release|Any CPU.Build.0 = Release|Any CPU
	EndGlobalSection
	GlobalSection(SolutionProperties) = preSolution
		HideSolutionNode = FALSE
	EndGlobalSection
	GlobalSection(NestedProjects) = preSolution
		{C410867D-864B-4555-A2EA-A6252511422E} = {D5CA25D2-F69F-4FB1-BF20-13E9C3B1B61F}
		{6C2DBEA9-9209-4B91-9E87-4AF4CCBAF814} = {D5CA25D2-F69F-4FB1-BF20-13E9C3B1B61F}
		{7ECCCBCB-00FF-46C1-BD0B-3E8B84CCA7DE} = {D5CA25D2-F69F-4FB1-BF20-13E9C3B1B61F}
	EndGlobalSection
	GlobalSection(ExtensibilityGlobals) = postSolution
		SolutionGuid = {868CE7E4-40A9-4159-B9B5-AD4B75F4303D}
	EndGlobalSection
EndGlobal
